Microsoft Visual Studio Solution File, Format Version 12.00
Project("{FAE04EC0-301F-11D3-BF4B-00C04F79EFBC}") = "MAAL.API", "Source\MAAL.API.csproj", "{D6CCD0FE-BBF9-4A28-8336-9D3204FAD6B0}"
EndProject
Project("{FAE04EC0-301F-11D3-BF4B-00C04F79EFBC}") = "MAAL.API.Test", "Test\MAAL.API.Test.csproj", "{35A6D50A-0C85-4BB9-B5FD-B2A48BDDDEA9}"
EndProject
Project("{2150E333-8FDC-42A3-9474-1A3956D46DE8}") = "SolutionFolder", "SolutionFolder", "{6382F928-79D3-4B81-A290-88523A0ECA74}"
	ProjectSection(SolutionItems) = preProject
		.gitignore = .gitignore
		README.md = README.md
		.github\workflows\main.yml = .github\workflows\main.yml
	EndProjectSection
EndProject
Global
	GlobalSection(SolutionConfigurationPlatforms) = preSolution
		Debug|x64 = Debug|x64
		Release|x64 = Release|x64
	EndGlobalSection
	GlobalSection(ProjectConfigurationPlatforms) = postSolution
		{D6CCD0FE-BBF9-4A28-8336-9D3204FAD6B0}.Release|x64.ActiveCfg = Release|x64
		{D6CCD0FE-BBF9-4A28-8336-9D3204FAD6B0}.Release|x64.Build.0 = Release|x64
		{D6CCD0FE-BBF9-4A28-8336-9D3204FAD6B0}.Debug|x64.ActiveCfg = Debug|x64
		{D6CCD0FE-BBF9-4A28-8336-9D3204FAD6B0}.Debug|x64.Build.0 = Debug|x64
		{35A6D50A-0C85-4BB9-B5FD-B2A48BDDDEA9}.Release|x64.ActiveCfg = Release|x64
		{35A6D50A-0C85-4BB9-B5FD-B2A48BDDDEA9}.Release|x64.Build.0 = Release|x64
		{35A6D50A-0C85-4BB9-B5FD-B2A48BDDDEA9}.Debug|x64.ActiveCfg = Debug|x64
		{35A6D50A-0C85-4BB9-B5FD-B2A48BDDDEA9}.Debug|x64.Build.0 = Debug|x64
	EndGlobalSection
EndGlobal
